// !$*UTF8*$!
{
	archiveVersion = 1;
	classes = {
	};
	objectVersion = 55;
	objects = {

/* Begin PBXBuildFile section */
		4010ADA9279751BE00F302CC /* Game.swift in Sources */ = {isa = PBXBuildFile; fileRef = 4010ADA8279751BE00F302CC /* Game.swift */; };
		4030D9462796F26800C1C7F1 /* AppDelegate.swift in Sources */ = {isa = PBXBuildFile; fileRef = 4030D9452796F26800C1C7F1 /* AppDelegate.swift */; };
		4030D9482796F26800C1C7F1 /* SceneDelegate.swift in Sources */ = {isa = PBXBuildFile; fileRef = 4030D9472796F26800C1C7F1 /* SceneDelegate.swift */; };
		4030D94A2796F26800C1C7F1 /* ViewController.swift in Sources */ = {isa = PBXBuildFile; fileRef = 4030D9492796F26800C1C7F1 /* ViewController.swift */; };
		4030D94D2796F26800C1C7F1 /* Main.storyboard in Resources */ = {isa = PBXBuildFile; fileRef = 4030D94B2796F26800C1C7F1 /* Main.storyboard */; };
		4030D94F2796F26900C1C7F1 /* Assets.xcassets in Resources */ = {isa = PBXBuildFile; fileRef = 4030D94E2796F26900C1C7F1 /* Assets.xcassets */; };
		4030D9522796F26900C1C7F1 /* LaunchScreen.storyboard in Resources */ = {isa = PBXBuildFile; fileRef = 4030D9502796F26900C1C7F1 /* LaunchScreen.storyboard */; };
		40606206279883D100FCD757 /* GameRoundProtocol.swift in Sources */ = {isa = PBXBuildFile; fileRef = 40606205279883D000FCD757 /* GameRoundProtocol.swift */; };
		40606208279885AF00FCD757 /* GeneratorNum.swift in Sources */ = {isa = PBXBuildFile; fileRef = 40606207279885AF00FCD757 /* GeneratorNum.swift */; };
/* End PBXBuildFile section */

/* Begin PBXFileReference section */
		4010ADA8279751BE00F302CC /* Game.swift */ = {isa = PBXFileReference; lastKnownFileType = sourcecode.swift; path = Game.swift; sourceTree = "<group>"; };
		4030D9422796F26800C1C7F1 /* Right on targe.app */ = {isa = PBXFileReference; explicitFileType = wrapper.application; includeInIndex = 0; path = "Right on targe.app"; sourceTree = BUILT_PRODUCTS_DIR; };
		4030D9452796F26800C1C7F1 /* AppDelegate.swift */ = {isa = PBXFileReference; lastKnownFileType = sourcecode.swift; path = AppDelegate.swift; sourceTree = "<group>"; };
		4030D9472796F26800C1C7F1 /* SceneDelegate.swift */ = {isa = PBXFileReference; lastKnownFileType = sourcecode.swift; path = SceneDelegate.swift; sourceTree = "<group>"; };
		4030D9492796F26800C1C7F1 /* ViewController.swift */ = {isa = PBXFileReference; lastKnownFileType = sourcecode.swift; path = ViewController.swift; sourceTree = "<group>"; };
		4030D94C2796F26800C1C7F1 /* Base */ = {isa = PBXFileReference; lastKnownFileType = file.storyboard; name = Base; path = Base.lproj/Main.storyboard; sourceTree = "<group>"; };
		4030D94E2796F26900C1C7F1 /* Assets.xcassets */ = {isa = PBXFileReference; lastKnownFileType = folder.assetcatalog; path = Assets.xcassets; sourceTree = "<group>"; };
		4030D9512796F26900C1C7F1 /* Base */ = {isa = PBXFileReference; lastKnownFileType = file.storyboard; name = Base; path = Base.lproj/LaunchScreen.storyboard; sourceTree = "<group>"; };
		4030D9532796F26900C1C7F1 /* Info.plist */ = {isa = PBXFileReference; lastKnownFileType = text.plist.xml; path = Info.plist; sourceTree = "<group>"; };
		40606205279883D000FCD757 /* GameRoundProtocol.swift */ = {isa = PBXFileReference; lastKnownFileType = sourcecode.swift; path = GameRoundProtocol.swift; sourceTree = "<group>"; };
		40606207279885AF00FCD757 /* GeneratorNum.swift */ = {isa = PBXFileReference; lastKnownFileType = sourcecode.swift; path = GeneratorNum.swift; sourceTree = "<group>"; };
/* End PBXFileReference section */

/* Begin PBXFrameworksBuildPhase section */
		4030D93F2796F26800C1C7F1 /* Frameworks */ = {
			isa = PBXFrameworksBuildPhase;
			buildActionMask = 2147483647;
			files = (
			);
			runOnlyForDeploymentPostprocessing = 0;
		};
/* End PBXFrameworksBuildPhase section */

/* Begin PBXGroup section */
		4030D9392796F26800C1C7F1 = {
			isa = PBXGroup;
			children = (
				4030D9442796F26800C1C7F1 /* Right on targe */,
				4030D9432796F26800C1C7F1 /* Products */,
			);
			sourceTree = "<group>";
		};
		4030D9432796F26800C1C7F1 /* Products */ = {
			isa = PBXGroup;
			children = (
				4030D9422796F26800C1C7F1 /* Right on targe.app */,
			);
			name = Products;
			sourceTree = "<group>";
		};
		4030D9442796F26800C1C7F1 /* Right on targe */ = {
			isa = PBXGroup;
			children = (
				4030D95E2797510D00C1C7F1 /* Model */,
				4030D9452796F26800C1C7F1 /* AppDelegate.swift */,
				4030D9472796F26800C1C7F1 /* SceneDelegate.swift */,
				4030D9492796F26800C1C7F1 /* ViewController.swift */,
				4030D94B2796F26800C1C7F1 /* Main.storyboard */,
				4030D94E2796F26900C1C7F1 /* Assets.xcassets */,
				4030D9502796F26900C1C7F1 /* LaunchScreen.storyboard */,
				4030D9532796F26900C1C7F1 /* Info.plist */,
			);
			path = "Right on targe";
			sourceTree = "<group>";
		};
		4030D95E2797510D00C1C7F1 /* Model */ = {
			isa = PBXGroup;
			children = (
				4010ADA8279751BE00F302CC /* Game.swift */,
				40606207279885AF00FCD757 /* GeneratorNum.swift */,
				40606205279883D000FCD757 /* GameRoundProtocol.swift */,
			);
			path = Model;
			sourceTree = "<group>";
		};
/* End PBXGroup section */

/* Begin PBXNativeTarget section */
		4030D9412796F26800C1C7F1 /* Right on targe */ = {
			isa = PBXNativeTarget;
			buildConfigurationList = 4030D9562796F26900C1C7F1 /* Build configuration list for PBXNativeTarget "Right on targe" */;
			buildPhases = (
				4030D93E2796F26800C1C7F1 /* Sources */,
				4030D93F2796F26800C1C7F1 /* Frameworks */,
				4030D9402796F26800C1C7F1 /* Resources */,
			);
			buildRules = (
			);
			dependencies = (
			);
			name = "Right on targe";
			productName = "Right on targe";
			productReference = 4030D9422796F26800C1C7F1 /* Right on targe.app */;
			productType = "com.apple.product-type.application";
		};
/* End PBXNativeTarget section */

/* Begin PBXProject section */
		4030D93A2796F26800C1C7F1 /* Project object */ = {
			isa = PBXProject;
			attributes = {
				BuildIndependentTargetsInParallel = 1;
				LastSwiftUpdateCheck = 1300;
				LastUpgradeCheck = 1300;
				TargetAttributes = {
					4030D9412796F26800C1C7F1 = {
						CreatedOnToolsVersion = 13.0;
					};
				};
			};
			buildConfigurationList = 4030D93D2796F26800C1C7F1 /* Build configuration list for PBXProject "Right on targe" */;
			compatibilityVersion = "Xcode 13.0";
			developmentRegion = en;
			hasScannedForEncodings = 0;
			knownRegions = (
				en,
				Base,
			);
			mainGroup = 4030D9392796F26800C1C7F1;
			productRefGroup = 4030D9432796F26800C1C7F1 /* Products */;
			projectDirPath = "";
			projectRoot = "";
			targets = (
				4030D9412796F26800C1C7F1 /* Right on targe */,
			);
		};
/* End PBXProject section */

/* Begin PBXResourcesBuildPhase section */
		4030D9402796F26800C1C7F1 /* Resources */ = {
			isa = PBXResourcesBuildPhase;
			buildActionMask = 2147483647;
			files = (
				4030D9522796F26900C1C7F1 /* LaunchScreen.storyboard in Resources */,
				4030D94F2796F26900C1C7F1 /* Assets.xcassets in Resources */,
				4030D94D2796F26800C1C7F1 /* Main.storyboard in Resources */,
			);
			runOnlyForDeploymentPostprocessing = 0;
		};
/* End PBXResourcesBuildPhase section */

/* Begin PBXSourcesBuildPhase section */
		4030D93E2796F26800C1C7F1 /* Sources */ = {
			isa = PBXSourcesBuildPhase;
			buildActionMask = 2147483647;
			files = (
				4030D94A2796F26800C1C7F1 /* ViewController.swift in Sources */,
				40606208279885AF00FCD757 /* GeneratorNum.swift in Sources */,
				4030D9462796F26800C1C7F1 /* AppDelegate.swift in Sources */,
				4030D9482796F26800C1C7F1 /* SceneDelegate.swift in Sources */,
				40606206279883D100FCD757 /* GameRoundProtocol.swift in Sources */,
				4010ADA9279751BE00F302CC /* Game.swift in Sources */,
			);
			runOnlyForDeploymentPostprocessing = 0;
		};
/* End PBXSourcesBuildPhase section */

/* Begin PBXVariantGroup section */
		4030D94B2796F26800C1C7F1 /* Main.storyboard */ = {
			isa = PBXVariantGroup;
			children = (
				4030D94C2796F26800C1C7F1 /* Base */,
			);
			name = Main.storyboard;
			sourceTree = "<group>";
		};
		4030D9502796F26900C1C7F1 /* LaunchScreen.storyboard */ = {
			isa = PBXVariantGroup;
			children = (
				4030D9512796F26900C1C7F1 /* Base */,
			);
			name = LaunchScreen.storyboard;
			sourceTree = "<group>";
		};
/* End PBXVariantGroup section */

/* Begin XCBuildConfiguration section */
		4030D9542796F26900C1C7F1 /* Debug */ = {
			isa = XCBuildConfiguration;
			buildSettings = {
				ALWAYS_SEARCH_USER_PATHS = NO;
				CLANG_ANALYZER_NONNULL = YES;
				CLANG_ANALYZER_NUMBER_OBJECT_CONVERSION = YES_AGGRESSIVE;
				CLANG_CXX_LANGUAGE_STANDARD = "gnu++17";
				CLANG_CXX_LIBRARY = "libc++";
				CLANG_ENABLE_MODULES = YES;
				CLANG_ENABLE_OBJC_ARC = YES;
				CLANG_ENABLE_OBJC_WEAK = YES;
				CLANG_WARN_BLOCK_CAPTURE_AUTORELEASING = YES;
				CLANG_WARN_BOOL_CONVERSION = YES;
				CLANG_WARN_COMMA = YES;
				CLANG_WARN_CONSTANT_CONVERSION = YES;
				CLANG_WARN_DEPRECATED_OBJC_IMPLEMENTATIONS = YES;
				CLANG_WARN_DIRECT_OBJC_ISA_USAGE = YES_ERROR;
				CLANG_WARN_DOCUMENTATION_COMMENTS = YES;
				CLANG_WARN_EMPTY_BODY = YES;
				CLANG_WARN_ENUM_CONVERSION = YES;
				CLANG_WARN_INFINITE_RECURSION = YES;
				CLANG_WARN_INT_CONVERSION = YES;
				CLANG_WARN_NON_LITERAL_NULL_CONVERSION = YES;
				CLANG_WARN_OBJC_IMPLICIT_RETAIN_SELF = YES;
				CLANG_WARN_OBJC_LITERAL_CONVERSION = YES;
				CLANG_WARN_OBJC_ROOT_CLASS = YES_ERROR;
				CLANG_WARN_QUOTED_INCLUDE_IN_FRAMEWORK_HEADER = YES;
				CLANG_WARN_RANGE_LOOP_ANALYSIS = YES;
				CLANG_WARN_STRICT_PROTOTYPES = YES;
				CLANG_WARN_SUSPICIOUS_MOVE = YES;
				CLANG_WARN_UNGUARDED_AVAILABILITY = YES_AGGRESSIVE;
				CLANG_WARN_UNREACHABLE_CODE = YES;
				CLANG_WARN__DUPLICATE_METHOD_MATCH = YES;
				COPY_PHASE_STRIP = NO;
				DEBUG_INFORMATION_FORMAT = dwarf;
				ENABLE_STRICT_OBJC_MSGSEND = YES;
				ENABLE_TESTABILITY = YES;
				GCC_C_LANGUAGE_STANDARD = gnu11;
				GCC_DYNAMIC_NO_PIC = NO;
				GCC_NO_COMMON_BLOCKS = YES;
				GCC_OPTIMIZATION_LEVEL = 0;
				GCC_PREPROCESSOR_DEFINITIONS = (
					"DEBUG=1",
					"$(inherited)",
				);
				GCC_WARN_64_TO_32_BIT_CONVERSION = YES;
				GCC_WARN_ABOUT_RETURN_TYPE = YES_ERROR;
				GCC_WARN_UNDECLARED_SELECTOR = YES;
				GCC_WARN_UNINITIALIZED_AUTOS = YES_AGGRESSIVE;
				GCC_WARN_UNUSED_FUNCTION = YES;
				GCC_WARN_UNUSED_VARIABLE = YES;
				IPHONEOS_DEPLOYMENT_TARGET = 15.0;
				MTL_ENABLE_DEBUG_INFO = INCLUDE_SOURCE;
				MTL_FAST_MATH = YES;
				ONLY_ACTIVE_ARCH = YES;
				SDKROOT = iphoneos;
				SWIFT_ACTIVE_COMPILATION_CONDITIONS = DEBUG;
				SWIFT_OPTIMIZATION_LEVEL = "-Onone";
			};
			name = Debug;
		};
		4030D9552796F26900C1C7F1 /* Release */ = {
			isa = XCBuildConfiguration;
			buildSettings = {
				ALWAYS_SEARCH_USER_PATHS = NO;
				CLANG_ANALYZER_NONNULL = YES;
				CLANG_ANALYZER_NUMBER_OBJECT_CONVERSION = YES_AGGRESSIVE;
				CLANG_CXX_LANGUAGE_STANDARD = "gnu++17";
				CLANG_CXX_LIBRARY = "libc++";
				CLANG_ENABLE_MODULES = YES;
				CLANG_ENABLE_OBJC_ARC = YES;
				CLANG_ENABLE_OBJC_WEAK = YES;
				CLANG_WARN_BLOCK_CAPTURE_AUTORELEASING = YES;
				CLANG_WARN_BOOL_CONVERSION = YES;
				CLANG_WARN_COMMA = YES;
				CLANG_WARN_CONSTANT_CONVERSION = YES;
				CLANG_WARN_DEPRECATED_OBJC_IMPLEMENTATIONS = YES;
				CLANG_WARN_DIRECT_OBJC_ISA_USAGE = YES_ERROR;
				CLANG_WARN_DOCUMENTATION_COMMENTS = YES;
				CLANG_WARN_EMPTY_BODY = YES;
				CLANG_WARN_ENUM_CONVERSION = YES;
				CLANG_WARN_INFINITE_RECURSION = YES;
				CLANG_WARN_INT_CONVERSION = YES;
				CLANG_WARN_NON_LITERAL_NULL_CONVERSION = YES;
				CLANG_WARN_OBJC_IMPLICIT_RETAIN_SELF = YES;
				CLANG_WARN_OBJC_LITERAL_CONVERSION = YES;
				CLANG_WARN_OBJC_ROOT_CLASS = YES_ERROR;
				CLANG_WARN_QUOTED_INCLUDE_IN_FRAMEWORK_HEADER = YES;
				CLANG_WARN_RANGE_LOOP_ANALYSIS = YES;
				CLANG_WARN_STRICT_PROTOTYPES = YES;
				CLANG_WARN_SUSPICIOUS_MOVE = YES;
				CLANG_WARN_UNGUARDED_AVAILABILITY = YES_AGGRESSIVE;
				CLANG_WARN_UNREACHABLE_CODE = YES;
				CLANG_WARN__DUPLICATE_METHOD_MATCH = YES;
				COPY_PHASE_STRIP = NO;
				DEBUG_INFORMATION_FORMAT = "dwarf-with-dsym";
				ENABLE_NS_ASSERTIONS = NO;
				ENABLE_STRICT_OBJC_MSGSEND = YES;
				GCC_C_LANGUAGE_STANDARD = gnu11;
				GCC_NO_COMMON_BLOCKS = YES;
				GCC_WARN_64_TO_32_BIT_CONVERSION = YES;
				GCC_WARN_ABOUT_RETURN_TYPE = YES_ERROR;
				GCC_WARN_UNDECLARED_SELECTOR = YES;
				GCC_WARN_UNINITIALIZED_AUTOS = YES_AGGRESSIVE;
				GCC_WARN_UNUSED_FUNCTION = YES;
				GCC_WARN_UNUSED_VARIABLE = YES;
				IPHONEOS_DEPLOYMENT_TARGET = 15.0;
				MTL_ENABLE_DEBUG_INFO = NO;
				MTL_FAST_MATH = YES;
				SDKROOT = iphoneos;
				SWIFT_COMPILATION_MODE = wholemodule;
				SWIFT_OPTIMIZATION_LEVEL = "-O";
				VALIDATE_PRODUCT = YES;
			};
			name = Release;
		};
		4030D9572796F26900C1C7F1 /* Debug */ = {
			isa = XCBuildConfiguration;
			buildSettings = {
				ASSETCATALOG_COMPILER_APPICON_NAME = AppIcon;
				ASSETCATALOG_COMPILER_GLOBAL_ACCENT_COLOR_NAME = AccentColor;
				CODE_SIGN_STYLE = Automatic;
				CURRENT_PROJECT_VERSION = 1;
				DEVELOPMENT_TEAM = AYQQY6Y66K;
				GENERATE_INFOPLIST_FILE = YES;
				INFOPLIST_FILE = "Right on targe/Info.plist";
				INFOPLIST_KEY_UIApplicationSupportsIndirectInputEvents = YES;
				INFOPLIST_KEY_UILaunchStoryboardName = LaunchScreen;
				INFOPLIST_KEY_UIMainStoryboardFile = Main;
				INFOPLIST_KEY_UISupportedInterfaceOrientations = "UIInterfaceOrientationLandscapeLeft UIInterfaceOrientationLandscapeRight";
				INFOPLIST_KEY_UISupportedInterfaceOrientations_iPad = "UIInterfaceOrientationPortrait UIInterfaceOrientationPortraitUpsideDown UIInterfaceOrientationLandscapeLeft UIInterfaceOrientationLandscapeRight";
				INFOPLIST_KEY_UISupportedInterfaceOrientations_iPhone = "UIInterfaceOrientationPortrait UIInterfaceOrientationLandscapeLeft UIInterfaceOrientationLandscapeRight";
				LD_RUNPATH_SEARCH_PATHS = (
					"$(inherited)",
					"@executable_path/Frameworks",
				);
				MARKETING_VERSION = 1.1;
				PRODUCT_BUNDLE_IDENTIFIER = "com.raywenderlich.Right-on-targe";
				PRODUCT_NAME = "$(TARGET_NAME)";
				SWIFT_EMIT_LOC_STRINGS = YES;
				SWIFT_VERSION = 5.0;
				TARGETED_DEVICE_FAMILY = "1,2";
			};
			name = Debug;
		};
		4030D9582796F26900C1C7F1 /* Release */ = {
			isa = XCBuildConfiguration;
			buildSettings = {
				ASSETCATALOG_COMPILER_APPICON_NAME = AppIcon;
				ASSETCATALOG_COMPILER_GLOBAL_ACCENT_COLOR_NAME = AccentColor;
				CODE_SIGN_STYLE = Automatic;
				CURRENT_PROJECT_VERSION = 1;
				DEVELOPMENT_TEAM = AYQQY6Y66K;
				GENERATE_INFOPLIST_FILE = YES;
				INFOPLIST_FILE = "Right on targe/Info.plist";
				INFOPLIST_KEY_UIApplicationSupportsIndirectInputEvents = YES;
				INFOPLIST_KEY_UILaunchStoryboardName = LaunchScreen;
				INFOPLIST_KEY_UIMainStoryboardFile = Main;
				INFOPLIST_KEY_UISupportedInterfaceOrientations = "UIInterfaceOrientationLandscapeLeft UIInterfaceOrientationLandscapeRight";
				INFOPLIST_KEY_UISupportedInterfaceOrientations_iPad = "UIInterfaceOrientationPortrait UIInterfaceOrientationPortraitUpsideDown UIInterfaceOrientationLandscapeLeft UIInterfaceOrientationLandscapeRight";
				INFOPLIST_KEY_UISupportedInterfaceOrientations_iPhone = "UIInterfaceOrientationPortrait UIInterfaceOrientationLandscapeLeft UIInterfaceOrientationLandscapeRight";
				LD_RUNPATH_SEARCH_PATHS = (
					"$(inherited)",
					"@executable_path/Frameworks",
				);
				MARKETING_VERSION = 1.1;
				PRODUCT_BUNDLE_IDENTIFIER = "com.raywenderlich.Right-on-targe";
				PRODUCT_NAME = "$(TARGET_NAME)";
				SWIFT_EMIT_LOC_STRINGS = YES;
				SWIFT_VERSION = 5.0;
				TARGETED_DEVICE_FAMILY = "1,2";
			};
			name = Release;
		};
/* End XCBuildConfiguration section */

/* Begin XCConfigurationList section */
		4030D93D2796F26800C1C7F1 /* Build configuration list for PBXProject "Right on targe" */ = {
			isa = XCConfigurationList;
			buildConfigurations = (
				4030D9542796F26900C1C7F1 /* Debug */,
				4030D9552796F26900C1C7F1 /* Release */,
			);
			defaultConfigurationIsVisible = 0;
			defaultConfigurationName = Release;
		};
		4030D9562796F26900C1C7F1 /* Build configuration list for PBXNativeTarget "Right on targe" */ = {
			isa = XCConfigurationList;
			buildConfigurations = (
				4030D9572796F26900C1C7F1 /* Debug */,
				4030D9582796F26900C1C7F1 /* Release */,
			);
			defaultConfigurationIsVisible = 0;
			defaultConfigurationName = Release;
		};
/* End XCConfigurationList section */
	};
	rootObject = 4030D93A2796F26800C1C7F1 /* Project object */;
}
